
Microsoft Visual Studio Solution File, Format Version 12.00
# Visual Studio 15
VisualStudioVersion = 15.0.28010.2036
MinimumVisualStudioVersion = 10.0.40219.1
Project("{FAE04EC0-301F-11D3-BF4B-00C04F79EFBC}") = "FoodManagerService", "FoodManagerService\FoodManagerService.csproj", "{339EEE88-FF7A-45B8-8ABF-82C8C4327A4F}"
	ProjectSection(ProjectDependencies) = postProject
		{E0150373-365A-4028-965B-DA062E085307} = {E0150373-365A-4028-965B-DA062E085307}
	EndProjectSection
EndProject
Project("{FAE04EC0-301F-11D3-BF4B-00C04F79EFBC}") = "UserService", "UserService\UserService.csproj", "{E0150373-365A-4028-965B-DA062E085307}"
EndProject
Project("{FAE04EC0-301F-11D3-BF4B-00C04F79EFBC}") = "Client", "Client\Client.csproj", "{A7165F06-F77F-40D5-B9C5-6067EC1ECED4}"
	ProjectSection(ProjectDependencies) = postProject
		{E0150373-365A-4028-965B-DA062E085307} = {E0150373-365A-4028-965B-DA062E085307}
		{339EEE88-FF7A-45B8-8ABF-82C8C4327A4F} = {339EEE88-FF7A-45B8-8ABF-82C8C4327A4F}
	EndProjectSection
EndProject
Global
	GlobalSection(SolutionConfigurationPlatforms) = preSolution
		Debug|Any CPU = Debug|Any CPU
		Release|Any CPU = Release|Any CPU
	EndGlobalSection
	GlobalSection(ProjectConfigurationPlatforms) = postSolution
		{339EEE88-FF7A-45B8-8ABF-82C8C4327A4F}.Debug|Any CPU.ActiveCfg = Debug|Any CPU
		{339EEE88-FF7A-45B8-8ABF-82C8C4327A4F}.Debug|Any CPU.Build.0 = Debug|Any CPU
		{339EEE88-FF7A-45B8-8ABF-82C8C4327A4F}.Release|Any CPU.ActiveCfg = Release|Any CPU
		{339EEE88-FF7A-45B8-8ABF-82C8C4327A4F}.Release|Any CPU.Build.0 = Release|Any CPU
		{E0150373-365A-4028-965B-DA062E085307}.Debug|Any CPU.ActiveCfg = Debug|Any CPU
		{E0150373-365A-4028-965B-DA062E085307}.Debug|Any CPU.Build.0 = Debug|Any CPU
		{E0150373-365A-4028-965B-DA062E085307}.Release|Any CPU.ActiveCfg = Release|Any CPU
		{E0150373-365A-4028-965B-DA062E085307}.Release|Any CPU.Build.0 = Release|Any CPU
		{A7165F06-F77F-40D5-B9C5-6067EC1ECED4}.Debug|Any CPU.ActiveCfg = Debug|Any CPU
		{A7165F06-F77F-40D5-B9C5-6067EC1ECED4}.Debug|Any CPU.Build.0 = Debug|Any CPU
		{A7165F06-F77F-40D5-B9C5-6067EC1ECED4}.Release|Any CPU.ActiveCfg = Release|Any CPU
		{A7165F06-F77F-40D5-B9C5-6067EC1ECED4}.Release|Any CPU.Build.0 = Release|Any CPU
	EndGlobalSection
	GlobalSection(SolutionProperties) = preSolution
		HideSolutionNode = FALSE
	EndGlobalSection
	GlobalSection(ExtensibilityGlobals) = postSolution
		SolutionGuid = {7128F4F2-C08F-456D-A4EF-97A75560E18D}
	EndGlobalSection
EndGlobal
